
Microsoft Visual Studio Solution File, Format Version 12.00
Project("{FAE04EC0-301F-11D3-BF4B-00C04F79EFBC}") = "Server", "Server\Server.csproj", "{36621017-CF20-486D-BABF-5E23A31220AD}"
EndProject
Project("{FAE04EC0-301F-11D3-BF4B-00C04F79EFBC}") = "Client", "Client\Client.csproj", "{C57FAE9C-B183-434D-A064-C359537EFD96}"
EndProject
Global
	GlobalSection(SolutionConfigurationPlatforms) = preSolution
		Debug|Any CPU = Debug|Any CPU
		Release|Any CPU = Release|Any CPU
	EndGlobalSection
	GlobalSection(ProjectConfigurationPlatforms) = postSolution
		{36621017-CF20-486D-BABF-5E23A31220AD}.Debug|Any CPU.ActiveCfg = Debug|Any CPU
		{36621017-CF20-486D-BABF-5E23A31220AD}.Debug|Any CPU.Build.0 = Debug|Any CPU
		{36621017-CF20-486D-BABF-5E23A31220AD}.Release|Any CPU.ActiveCfg = Release|Any CPU
		{36621017-CF20-486D-BABF-5E23A31220AD}.Release|Any CPU.Build.0 = Release|Any CPU
		{C57FAE9C-B183-434D-A064-C359537EFD96}.Debug|Any CPU.ActiveCfg = Debug|Any CPU
		{C57FAE9C-B183-434D-A064-C359537EFD96}.Debug|Any CPU.Build.0 = Debug|Any CPU
		{C57FAE9C-B183-434D-A064-C359537EFD96}.Release|Any CPU.ActiveCfg = Release|Any CPU
		{C57FAE9C-B183-434D-A064-C359537EFD96}.Release|Any CPU.Build.0 = Release|Any CPU
	EndGlobalSection
EndGlobal
